
Microsoft Visual Studio Solution File, Format Version 12.00
# Visual Studio 14
VisualStudioVersion = 14.0.24720.0
MinimumVisualStudioVersion = 10.0.40219.1
Project("{2150E333-8FDC-42A3-9474-1A3956D46DE8}") = "src", "src", "{AA729376-06E0-4091-85F4-FAE4C6E23D75}"
EndProject
Project("{2150E333-8FDC-42A3-9474-1A3956D46DE8}") = "Solution Items", "Solution Items", "{54753129-A03E-444C-A905-3F8CB33F57D6}"
	ProjectSection(SolutionItems) = preProject
		global.json = global.json
	EndProjectSection
EndProject
Project("{8BB2217D-0F2D-49D1-97BC-3654ED321F3B}") = "Angular2WebApiDemo", "src\Angular2WebApiDemo\Angular2WebApiDemo.xproj", "{C0C340CE-B845-4549-A0EB-6C9889496B4F}"
EndProject
Global
	GlobalSection(SolutionConfigurationPlatforms) = preSolution
		Debug|Any CPU = Debug|Any CPU
		Release|Any CPU = Release|Any CPU
	EndGlobalSection
	GlobalSection(ProjectConfigurationPlatforms) = postSolution
		{C0C340CE-B845-4549-A0EB-6C9889496B4F}.Debug|Any CPU.ActiveCfg = Debug|Any CPU
		{C0C340CE-B845-4549-A0EB-6C9889496B4F}.Debug|Any CPU.Build.0 = Debug|Any CPU
		{C0C340CE-B845-4549-A0EB-6C9889496B4F}.Release|Any CPU.ActiveCfg = Release|Any CPU
		{C0C340CE-B845-4549-A0EB-6C9889496B4F}.Release|Any CPU.Build.0 = Release|Any CPU
	EndGlobalSection
	GlobalSection(SolutionProperties) = preSolution
		HideSolutionNode = FALSE
	EndGlobalSection
	GlobalSection(NestedProjects) = preSolution
		{C0C340CE-B845-4549-A0EB-6C9889496B4F} = {AA729376-06E0-4091-85F4-FAE4C6E23D75}
	EndGlobalSection
EndGlobal
